
Microsoft Visual Studio Solution File, Format Version 12.00
# Visual Studio Version 17
VisualStudioVersion = 17.10.35027.167
MinimumVisualStudioVersion = 10.0.40219.1
Project("{FAE04EC0-301F-11D3-BF4B-00C04F79EFBC}") = "CSharpEgitimKampi301EntityLayer", "CSharpEgitimKampi301EntityLayer\CSharpEgitimKampi301EntityLayer.csproj", "{9F3B3543-9EC0-45E3-BF7F-8105865EA8D1}"
EndProject
Project("{FAE04EC0-301F-11D3-BF4B-00C04F79EFBC}") = "CSharpEgitimKampi301.DataAccessLayer", "CSharpEgitimKampi301.DataAccessLayer\CSharpEgitimKampi301.DataAccessLayer.csproj", "{2F726001-9A31-4F37-A779-A985286DC804}"
EndProject
Project("{FAE04EC0-301F-11D3-BF4B-00C04F79EFBC}") = "CSharpEgitimKampi301.BusinessLayer", "CSharpEgitimKampi301.BusinessLayer\CSharpEgitimKampi301.BusinessLayer.csproj", "{D429C668-D980-4C31-A3E2-693FEF2A09F9}"
EndProject
Project("{FAE04EC0-301F-11D3-BF4B-00C04F79EFBC}") = "CSharpEgitimKampi301.PresentationLayer", "CSharpEgitimKampi301.PresentationLayer\CSharpEgitimKampi301.PresentationLayer.csproj", "{200B1E86-501B-479A-9320-5E8A06682C8F}"
EndProject
Project("{FAE04EC0-301F-11D3-BF4B-00C04F79EFBC}") = "CSharpEgitimKampi301.EfProject", "CSharpEgitimKampi301.EfProject\CSharpEgitimKampi301.EfProject.csproj", "{6494E791-631B-4197-8833-4173167BBA9D}"
EndProject
Global
	GlobalSection(SolutionConfigurationPlatforms) = preSolution
		Debug|Any CPU = Debug|Any CPU
		Release|Any CPU = Release|Any CPU
	EndGlobalSection
	GlobalSection(ProjectConfigurationPlatforms) = postSolution
		{9F3B3543-9EC0-45E3-BF7F-8105865EA8D1}.Debug|Any CPU.ActiveCfg = Debug|Any CPU
		{9F3B3543-9EC0-45E3-BF7F-8105865EA8D1}.Debug|Any CPU.Build.0 = Debug|Any CPU
		{9F3B3543-9EC0-45E3-BF7F-8105865EA8D1}.Release|Any CPU.ActiveCfg = Release|Any CPU
		{9F3B3543-9EC0-45E3-BF7F-8105865EA8D1}.Release|Any CPU.Build.0 = Release|Any CPU
		{2F726001-9A31-4F37-A779-A985286DC804}.Debug|Any CPU.ActiveCfg = Debug|Any CPU
		{2F726001-9A31-4F37-A779-A985286DC804}.Debug|Any CPU.Build.0 = Debug|Any CPU
		{2F726001-9A31-4F37-A779-A985286DC804}.Release|Any CPU.ActiveCfg = Release|Any CPU
		{2F726001-9A31-4F37-A779-A985286DC804}.Release|Any CPU.Build.0 = Release|Any CPU
		{D429C668-D980-4C31-A3E2-693FEF2A09F9}.Debug|Any CPU.ActiveCfg = Debug|Any CPU
		{D429C668-D980-4C31-A3E2-693FEF2A09F9}.Debug|Any CPU.Build.0 = Debug|Any CPU
		{D429C668-D980-4C31-A3E2-693FEF2A09F9}.Release|Any CPU.ActiveCfg = Release|Any CPU
		{D429C668-D980-4C31-A3E2-693FEF2A09F9}.Release|Any CPU.Build.0 = Release|Any CPU
		{200B1E86-501B-479A-9320-5E8A06682C8F}.Debug|Any CPU.ActiveCfg = Debug|Any CPU
		{200B1E86-501B-479A-9320-5E8A06682C8F}.Debug|Any CPU.Build.0 = Debug|Any CPU
		{200B1E86-501B-479A-9320-5E8A06682C8F}.Release|Any CPU.ActiveCfg = Release|Any CPU
		{200B1E86-501B-479A-9320-5E8A06682C8F}.Release|Any CPU.Build.0 = Release|Any CPU
		{6494E791-631B-4197-8833-4173167BBA9D}.Debug|Any CPU.ActiveCfg = Debug|Any CPU
		{6494E791-631B-4197-8833-4173167BBA9D}.Debug|Any CPU.Build.0 = Debug|Any CPU
		{6494E791-631B-4197-8833-4173167BBA9D}.Release|Any CPU.ActiveCfg = Release|Any CPU
		{6494E791-631B-4197-8833-4173167BBA9D}.Release|Any CPU.Build.0 = Release|Any CPU
	EndGlobalSection
	GlobalSection(SolutionProperties) = preSolution
		HideSolutionNode = FALSE
	EndGlobalSection
	GlobalSection(ExtensibilityGlobals) = postSolution
		SolutionGuid = {7D6C29AA-06C6-4406-94DF-C9F935C6E400}
	EndGlobalSection
EndGlobal
